
Microsoft Visual Studio Solution File, Format Version 12.00
# Visual Studio 2013
VisualStudioVersion = 12.0.40629.0
MinimumVisualStudioVersion = 10.0.40219.1
Project("{888888A0-9F3D-457C-B088-3A5042F75D52}") = "pdfconverter_script", "pdfconverter_script.pyproj", "{1069A380-394F-4275-85FE-F377525FFF6A}"
EndProject
Global
	GlobalSection(TeamFoundationVersionControl) = preSolution
		SccNumberOfProjects = 1
		SccEnterpriseProvider = {4CA58AB2-18FA-4F8D-95D4-32DDF27D184C}
		SccTeamFoundationServer = http://srv-dvp:8080/tfs/defaultcollection
		SccProjectUniqueName0 = pdfconverter_script.pyproj
		SccProjectName0 = .
		SccAuxPath0 = http://srv-dvp:8080/tfs/defaultcollection
		SccLocalPath0 = .
		SccProvider0 = {4CA58AB2-18FA-4F8D-95D4-32DDF27D184C}
	EndGlobalSection
	GlobalSection(SolutionConfigurationPlatforms) = preSolution
		Debug|Any CPU = Debug|Any CPU
		Release|Any CPU = Release|Any CPU
	EndGlobalSection
	GlobalSection(ProjectConfigurationPlatforms) = postSolution
		{1069A380-394F-4275-85FE-F377525FFF6A}.Debug|Any CPU.ActiveCfg = Debug|Any CPU
		{1069A380-394F-4275-85FE-F377525FFF6A}.Release|Any CPU.ActiveCfg = Release|Any CPU
	EndGlobalSection
	GlobalSection(SolutionProperties) = preSolution
		HideSolutionNode = FALSE
	EndGlobalSection
EndGlobal
